// !$*UTF8*$!
{
	archiveVersion = 1;
	classes = {
	};
	objectVersion = 56;
	objects = {

/* Begin PBXBuildFile section */
		963FE2CD2A369F01007617CA /* TabMenu.swift in Sources */ = {isa = PBXBuildFile; fileRef = 963FE2CC2A369F01007617CA /* TabMenu.swift */; };
		963FE2D22A36E3D9007617CA /* Tab01.swift in Sources */ = {isa = PBXBuildFile; fileRef = 963FE2D12A36E3D9007617CA /* Tab01.swift */; };
		963FE2D42A36E479007617CA /* Symbol.swift in Sources */ = {isa = PBXBuildFile; fileRef = 963FE2D32A36E479007617CA /* Symbol.swift */; };
		964EA2142A37F03500AFB92B /* FavoriteProductScrollView.swift in Sources */ = {isa = PBXBuildFile; fileRef = 964EA2132A37F03500AFB92B /* FavoriteProductScrollView.swift */; };
		964EA2162A37F33D00AFB92B /* ResizeImage.swift in Sources */ = {isa = PBXBuildFile; fileRef = 964EA2152A37F33D00AFB92B /* ResizeImage.swift */; };
		968CBEC22A32B33B003DADEA /* AppDelegate.swift in Sources */ = {isa = PBXBuildFile; fileRef = 968CBEC12A32B33B003DADEA /* AppDelegate.swift */; };
		968CBEC42A32B346003DADEA /* SceneDelegate.swift in Sources */ = {isa = PBXBuildFile; fileRef = 968CBEC32A32B346003DADEA /* SceneDelegate.swift */; };
		968CBF082A32C476003DADEA /* MainView.swift in Sources */ = {isa = PBXBuildFile; fileRef = 968CBF072A32C476003DADEA /* MainView.swift */; };
		968CBF0B2A32C535003DADEA /* Preview.swift in Sources */ = {isa = PBXBuildFile; fileRef = 968CBF0A2A32C535003DADEA /* Preview.swift */; };
		96D556092A31B9EC00E2B891 /* Assets.xcassets in Resources */ = {isa = PBXBuildFile; fileRef = 96D556082A31B9EC00E2B891 /* Assets.xcassets */; };
		96D5560C2A31B9EC00E2B891 /* Preview Assets.xcassets in Resources */ = {isa = PBXBuildFile; fileRef = 96D5560B2A31B9EC00E2B891 /* Preview Assets.xcassets */; };
		96D556162A31B9EC00E2B891 /* swiftui_testTests.swift in Sources */ = {isa = PBXBuildFile; fileRef = 96D556152A31B9EC00E2B891 /* swiftui_testTests.swift */; };
		96D556202A31B9EC00E2B891 /* swiftui_testUITests.swift in Sources */ = {isa = PBXBuildFile; fileRef = 96D5561F2A31B9EC00E2B891 /* swiftui_testUITests.swift */; };
		96D556222A31B9EC00E2B891 /* swiftui_testUITestsLaunchTests.swift in Sources */ = {isa = PBXBuildFile; fileRef = 96D556212A31B9EC00E2B891 /* swiftui_testUITestsLaunchTests.swift */; };
		96D5562F2A31BB8700E2B891 /* NavigationViewTest.swift in Sources */ = {isa = PBXBuildFile; fileRef = 96D5562E2A31BB8700E2B891 /* NavigationViewTest.swift */; };
		96D556312A31BD1900E2B891 /* ModalView.swift in Sources */ = {isa = PBXBuildFile; fileRef = 96D556302A31BD1900E2B891 /* ModalView.swift */; };
		96D556332A31BE2500E2B891 /* NavigationView2Test.swift in Sources */ = {isa = PBXBuildFile; fileRef = 96D556322A31BE2500E2B891 /* NavigationView2Test.swift */; };
		96D556352A31BEA900E2B891 /* NavigationBackItem.swift in Sources */ = {isa = PBXBuildFile; fileRef = 96D556342A31BEA900E2B891 /* NavigationBackItem.swift */; };
		96D556372A31C20000E2B891 /* NavigationBarModifier.swift in Sources */ = {isa = PBXBuildFile; fileRef = 96D556362A31C20000E2B891 /* NavigationBarModifier.swift */; };
		96D5563A2A31C22500E2B891 /* View+Extenstion.swift in Sources */ = {isa = PBXBuildFile; fileRef = 96D556392A31C22500E2B891 /* View+Extenstion.swift */; };
/* End PBXBuildFile section */

/* Begin PBXContainerItemProxy section */
		96D556122A31B9EC00E2B891 /* PBXContainerItemProxy */ = {
			isa = PBXContainerItemProxy;
			containerPortal = 96D555F92A31B9EB00E2B891 /* Project object */;
			proxyType = 1;
			remoteGlobalIDString = 96D556002A31B9EB00E2B891;
			remoteInfo = "swiftui-test";
		};
		96D5561C2A31B9EC00E2B891 /* PBXContainerItemProxy */ = {
			isa = PBXContainerItemProxy;
			containerPortal = 96D555F92A31B9EB00E2B891 /* Project object */;
			proxyType = 1;
			remoteGlobalIDString = 96D556002A31B9EB00E2B891;
			remoteInfo = "swiftui-test";
		};
/* End PBXContainerItemProxy section */

/* Begin PBXFileReference section */
		963FE2CC2A369F01007617CA /* TabMenu.swift */ = {isa = PBXFileReference; lastKnownFileType = sourcecode.swift; path = TabMenu.swift; sourceTree = "<group>"; };
		963FE2D12A36E3D9007617CA /* Tab01.swift */ = {isa = PBXFileReference; lastKnownFileType = sourcecode.swift; path = Tab01.swift; sourceTree = "<group>"; };
		963FE2D32A36E479007617CA /* Symbol.swift */ = {isa = PBXFileReference; lastKnownFileType = sourcecode.swift; path = Symbol.swift; sourceTree = "<group>"; };
		964EA2132A37F03500AFB92B /* FavoriteProductScrollView.swift */ = {isa = PBXFileReference; lastKnownFileType = sourcecode.swift; path = FavoriteProductScrollView.swift; sourceTree = "<group>"; };
		964EA2152A37F33D00AFB92B /* ResizeImage.swift */ = {isa = PBXFileReference; lastKnownFileType = sourcecode.swift; path = ResizeImage.swift; sourceTree = "<group>"; };
		968CBEC12A32B33B003DADEA /* AppDelegate.swift */ = {isa = PBXFileReference; lastKnownFileType = sourcecode.swift; path = AppDelegate.swift; sourceTree = "<group>"; };
		968CBEC32A32B346003DADEA /* SceneDelegate.swift */ = {isa = PBXFileReference; lastKnownFileType = sourcecode.swift; path = SceneDelegate.swift; sourceTree = "<group>"; };
		968CBF072A32C476003DADEA /* MainView.swift */ = {isa = PBXFileReference; lastKnownFileType = sourcecode.swift; path = MainView.swift; sourceTree = "<group>"; };
		968CBF0A2A32C535003DADEA /* Preview.swift */ = {isa = PBXFileReference; lastKnownFileType = sourcecode.swift; path = Preview.swift; sourceTree = "<group>"; };
		96D556012A31B9EB00E2B891 /* swiftui-test.app */ = {isa = PBXFileReference; explicitFileType = wrapper.application; includeInIndex = 0; path = "swiftui-test.app"; sourceTree = BUILT_PRODUCTS_DIR; };
		96D556082A31B9EC00E2B891 /* Assets.xcassets */ = {isa = PBXFileReference; lastKnownFileType = folder.assetcatalog; path = Assets.xcassets; sourceTree = "<group>"; };
		96D5560B2A31B9EC00E2B891 /* Preview Assets.xcassets */ = {isa = PBXFileReference; lastKnownFileType = folder.assetcatalog; path = "Preview Assets.xcassets"; sourceTree = "<group>"; };
		96D556112A31B9EC00E2B891 /* swiftui-testTests.xctest */ = {isa = PBXFileReference; explicitFileType = wrapper.cfbundle; includeInIndex = 0; path = "swiftui-testTests.xctest"; sourceTree = BUILT_PRODUCTS_DIR; };
		96D556152A31B9EC00E2B891 /* swiftui_testTests.swift */ = {isa = PBXFileReference; lastKnownFileType = sourcecode.swift; path = swiftui_testTests.swift; sourceTree = "<group>"; };
		96D5561B2A31B9EC00E2B891 /* swiftui-testUITests.xctest */ = {isa = PBXFileReference; explicitFileType = wrapper.cfbundle; includeInIndex = 0; path = "swiftui-testUITests.xctest"; sourceTree = BUILT_PRODUCTS_DIR; };
		96D5561F2A31B9EC00E2B891 /* swiftui_testUITests.swift */ = {isa = PBXFileReference; lastKnownFileType = sourcecode.swift; path = swiftui_testUITests.swift; sourceTree = "<group>"; };
		96D556212A31B9EC00E2B891 /* swiftui_testUITestsLaunchTests.swift */ = {isa = PBXFileReference; lastKnownFileType = sourcecode.swift; path = swiftui_testUITestsLaunchTests.swift; sourceTree = "<group>"; };
		96D5562E2A31BB8700E2B891 /* NavigationViewTest.swift */ = {isa = PBXFileReference; lastKnownFileType = sourcecode.swift; path = NavigationViewTest.swift; sourceTree = "<group>"; };
		96D556302A31BD1900E2B891 /* ModalView.swift */ = {isa = PBXFileReference; lastKnownFileType = sourcecode.swift; path = ModalView.swift; sourceTree = "<group>"; };
		96D556322A31BE2500E2B891 /* NavigationView2Test.swift */ = {isa = PBXFileReference; lastKnownFileType = sourcecode.swift; path = NavigationView2Test.swift; sourceTree = "<group>"; };
		96D556342A31BEA900E2B891 /* NavigationBackItem.swift */ = {isa = PBXFileReference; lastKnownFileType = sourcecode.swift; path = NavigationBackItem.swift; sourceTree = "<group>"; };
		96D556362A31C20000E2B891 /* NavigationBarModifier.swift */ = {isa = PBXFileReference; lastKnownFileType = sourcecode.swift; path = NavigationBarModifier.swift; sourceTree = "<group>"; };
		96D556392A31C22500E2B891 /* View+Extenstion.swift */ = {isa = PBXFileReference; lastKnownFileType = sourcecode.swift; path = "View+Extenstion.swift"; sourceTree = "<group>"; };
/* End PBXFileReference section */

/* Begin PBXFrameworksBuildPhase section */
		96D555FE2A31B9EB00E2B891 /* Frameworks */ = {
			isa = PBXFrameworksBuildPhase;
			buildActionMask = 2147483647;
			files = (
			);
			runOnlyForDeploymentPostprocessing = 0;
		};
		96D5560E2A31B9EC00E2B891 /* Frameworks */ = {
			isa = PBXFrameworksBuildPhase;
			buildActionMask = 2147483647;
			files = (
			);
			runOnlyForDeploymentPostprocessing = 0;
		};
		96D556182A31B9EC00E2B891 /* Frameworks */ = {
			isa = PBXFrameworksBuildPhase;
			buildActionMask = 2147483647;
			files = (
			);
			runOnlyForDeploymentPostprocessing = 0;
		};
/* End PBXFrameworksBuildPhase section */

/* Begin PBXGroup section */
		963FE2D02A36E3CC007617CA /* Tab */ = {
			isa = PBXGroup;
			children = (
				963FE2D12A36E3D9007617CA /* Tab01.swift */,
				964EA2132A37F03500AFB92B /* FavoriteProductScrollView.swift */,
			);
			path = Tab;
			sourceTree = "<group>";
		};
		968CBEC02A32B301003DADEA /* Application */ = {
			isa = PBXGroup;
			children = (
				968CBEC12A32B33B003DADEA /* AppDelegate.swift */,
				968CBEC32A32B346003DADEA /* SceneDelegate.swift */,
			);
			path = Application;
			sourceTree = "<group>";
		};
		968CBEC52A32B474003DADEA /* Resources */ = {
			isa = PBXGroup;
			children = (
			);
			path = Resources;
			sourceTree = "<group>";
		};
		968CBEC62A32B484003DADEA /* SupportingFiles */ = {
			isa = PBXGroup;
			children = (
			);
			path = SupportingFiles;
			sourceTree = "<group>";
		};
		968CBF062A32C3F4003DADEA /* UI */ = {
			isa = PBXGroup;
			children = (
				963FE2D02A36E3CC007617CA /* Tab */,
				968CBF072A32C476003DADEA /* MainView.swift */,
				963FE2CC2A369F01007617CA /* TabMenu.swift */,
			);
			path = UI;
			sourceTree = "<group>";
		};
		968CBF092A32C520003DADEA /* Helper */ = {
			isa = PBXGroup;
			children = (
				968CBF0A2A32C535003DADEA /* Preview.swift */,
				963FE2D32A36E479007617CA /* Symbol.swift */,
				964EA2152A37F33D00AFB92B /* ResizeImage.swift */,
			);
			path = Helper;
			sourceTree = "<group>";
		};
		96D555F82A31B9EB00E2B891 = {
			isa = PBXGroup;
			children = (
				96D556032A31B9EB00E2B891 /* swiftui-test */,
				96D556142A31B9EC00E2B891 /* swiftui-testTests */,
				96D5561E2A31B9EC00E2B891 /* swiftui-testUITests */,
				96D556022A31B9EB00E2B891 /* Products */,
			);
			sourceTree = "<group>";
		};
		96D556022A31B9EB00E2B891 /* Products */ = {
			isa = PBXGroup;
			children = (
				96D556012A31B9EB00E2B891 /* swiftui-test.app */,
				96D556112A31B9EC00E2B891 /* swiftui-testTests.xctest */,
				96D5561B2A31B9EC00E2B891 /* swiftui-testUITests.xctest */,
			);
			name = Products;
			sourceTree = "<group>";
		};
		96D556032A31B9EB00E2B891 /* swiftui-test */ = {
			isa = PBXGroup;
			children = (
				968CBF092A32C520003DADEA /* Helper */,
				968CBF062A32C3F4003DADEA /* UI */,
				968CBEC62A32B484003DADEA /* SupportingFiles */,
				968CBEC52A32B474003DADEA /* Resources */,
				968CBEC02A32B301003DADEA /* Application */,
				96D556382A31C21400E2B891 /* Extenstion */,
				96D556082A31B9EC00E2B891 /* Assets.xcassets */,
				96D5560A2A31B9EC00E2B891 /* Preview Content */,
				96D5562E2A31BB8700E2B891 /* NavigationViewTest.swift */,
				96D556302A31BD1900E2B891 /* ModalView.swift */,
				96D556322A31BE2500E2B891 /* NavigationView2Test.swift */,
				96D556342A31BEA900E2B891 /* NavigationBackItem.swift */,
				96D556362A31C20000E2B891 /* NavigationBarModifier.swift */,
			);
			path = "swiftui-test";
			sourceTree = "<group>";
		};
		96D5560A2A31B9EC00E2B891 /* Preview Content */ = {
			isa = PBXGroup;
			children = (
				96D5560B2A31B9EC00E2B891 /* Preview Assets.xcassets */,
			);
			path = "Preview Content";
			sourceTree = "<group>";
		};
		96D556142A31B9EC00E2B891 /* swiftui-testTests */ = {
			isa = PBXGroup;
			children = (
				96D556152A31B9EC00E2B891 /* swiftui_testTests.swift */,
			);
			path = "swiftui-testTests";
			sourceTree = "<group>";
		};
		96D5561E2A31B9EC00E2B891 /* swiftui-testUITests */ = {
			isa = PBXGroup;
			children = (
				96D5561F2A31B9EC00E2B891 /* swiftui_testUITests.swift */,
				96D556212A31B9EC00E2B891 /* swiftui_testUITestsLaunchTests.swift */,
			);
			path = "swiftui-testUITests";
			sourceTree = "<group>";
		};
		96D556382A31C21400E2B891 /* Extenstion */ = {
			isa = PBXGroup;
			children = (
				96D556392A31C22500E2B891 /* View+Extenstion.swift */,
			);
			path = Extenstion;
			sourceTree = "<group>";
		};
/* End PBXGroup section */

/* Begin PBXNativeTarget section */
		96D556002A31B9EB00E2B891 /* swiftui-test */ = {
			isa = PBXNativeTarget;
			buildConfigurationList = 96D556252A31B9EC00E2B891 /* Build configuration list for PBXNativeTarget "swiftui-test" */;
			buildPhases = (
				96D555FD2A31B9EB00E2B891 /* Sources */,
				96D555FE2A31B9EB00E2B891 /* Frameworks */,
				96D555FF2A31B9EB00E2B891 /* Resources */,
			);
			buildRules = (
			);
			dependencies = (
			);
			name = "swiftui-test";
			productName = "swiftui-test";
			productReference = 96D556012A31B9EB00E2B891 /* swiftui-test.app */;
			productType = "com.apple.product-type.application";
		};
		96D556102A31B9EC00E2B891 /* swiftui-testTests */ = {
			isa = PBXNativeTarget;
			buildConfigurationList = 96D556282A31B9EC00E2B891 /* Build configuration list for PBXNativeTarget "swiftui-testTests" */;
			buildPhases = (
				96D5560D2A31B9EC00E2B891 /* Sources */,
				96D5560E2A31B9EC00E2B891 /* Frameworks */,
				96D5560F2A31B9EC00E2B891 /* Resources */,
			);
			buildRules = (
			);
			dependencies = (
				96D556132A31B9EC00E2B891 /* PBXTargetDependency */,
			);
			name = "swiftui-testTests";
			productName = "swiftui-testTests";
			productReference = 96D556112A31B9EC00E2B891 /* swiftui-testTests.xctest */;
			productType = "com.apple.product-type.bundle.unit-test";
		};
		96D5561A2A31B9EC00E2B891 /* swiftui-testUITests */ = {
			isa = PBXNativeTarget;
			buildConfigurationList = 96D5562B2A31B9EC00E2B891 /* Build configuration list for PBXNativeTarget "swiftui-testUITests" */;
			buildPhases = (
				96D556172A31B9EC00E2B891 /* Sources */,
				96D556182A31B9EC00E2B891 /* Frameworks */,
				96D556192A31B9EC00E2B891 /* Resources */,
			);
			buildRules = (
			);
			dependencies = (
				96D5561D2A31B9EC00E2B891 /* PBXTargetDependency */,
			);
			name = "swiftui-testUITests";
			productName = "swiftui-testUITests";
			productReference = 96D5561B2A31B9EC00E2B891 /* swiftui-testUITests.xctest */;
			productType = "com.apple.product-type.bundle.ui-testing";
		};
/* End PBXNativeTarget section */

/* Begin PBXProject section */
		96D555F92A31B9EB00E2B891 /* Project object */ = {
			isa = PBXProject;
			attributes = {
				BuildIndependentTargetsInParallel = 1;
				LastSwiftUpdateCheck = 1430;
				LastUpgradeCheck = 1430;
				TargetAttributes = {
					96D556002A31B9EB00E2B891 = {
						CreatedOnToolsVersion = 14.3.1;
					};
					96D556102A31B9EC00E2B891 = {
						CreatedOnToolsVersion = 14.3.1;
						TestTargetID = 96D556002A31B9EB00E2B891;
					};
					96D5561A2A31B9EC00E2B891 = {
						CreatedOnToolsVersion = 14.3.1;
						TestTargetID = 96D556002A31B9EB00E2B891;
					};
				};
			};
			buildConfigurationList = 96D555FC2A31B9EB00E2B891 /* Build configuration list for PBXProject "swiftui-test" */;
			compatibilityVersion = "Xcode 14.0";
			developmentRegion = en;
			hasScannedForEncodings = 0;
			knownRegions = (
				en,
				Base,
			);
			mainGroup = 96D555F82A31B9EB00E2B891;
			productRefGroup = 96D556022A31B9EB00E2B891 /* Products */;
			projectDirPath = "";
			projectRoot = "";
			targets = (
				96D556002A31B9EB00E2B891 /* swiftui-test */,
				96D556102A31B9EC00E2B891 /* swiftui-testTests */,
				96D5561A2A31B9EC00E2B891 /* swiftui-testUITests */,
			);
		};
/* End PBXProject section */

/* Begin PBXResourcesBuildPhase section */
		96D555FF2A31B9EB00E2B891 /* Resources */ = {
			isa = PBXResourcesBuildPhase;
			buildActionMask = 2147483647;
			files = (
				96D5560C2A31B9EC00E2B891 /* Preview Assets.xcassets in Resources */,
				96D556092A31B9EC00E2B891 /* Assets.xcassets in Resources */,
			);
			runOnlyForDeploymentPostprocessing = 0;
		};
		96D5560F2A31B9EC00E2B891 /* Resources */ = {
			isa = PBXResourcesBuildPhase;
			buildActionMask = 2147483647;
			files = (
			);
			runOnlyForDeploymentPostprocessing = 0;
		};
		96D556192A31B9EC00E2B891 /* Resources */ = {
			isa = PBXResourcesBuildPhase;
			buildActionMask = 2147483647;
			files = (
			);
			runOnlyForDeploymentPostprocessing = 0;
		};
/* End PBXResourcesBuildPhase section */

/* Begin PBXSourcesBuildPhase section */
		96D555FD2A31B9EB00E2B891 /* Sources */ = {
			isa = PBXSourcesBuildPhase;
			buildActionMask = 2147483647;
			files = (
				96D556332A31BE2500E2B891 /* NavigationView2Test.swift in Sources */,
				968CBF082A32C476003DADEA /* MainView.swift in Sources */,
				968CBF0B2A32C535003DADEA /* Preview.swift in Sources */,
				96D556372A31C20000E2B891 /* NavigationBarModifier.swift in Sources */,
				968CBEC22A32B33B003DADEA /* AppDelegate.swift in Sources */,
				963FE2D42A36E479007617CA /* Symbol.swift in Sources */,
				96D5562F2A31BB8700E2B891 /* NavigationViewTest.swift in Sources */,
				963FE2D22A36E3D9007617CA /* Tab01.swift in Sources */,
				968CBEC42A32B346003DADEA /* SceneDelegate.swift in Sources */,
				96D556352A31BEA900E2B891 /* NavigationBackItem.swift in Sources */,
				96D556312A31BD1900E2B891 /* ModalView.swift in Sources */,
				964EA2142A37F03500AFB92B /* FavoriteProductScrollView.swift in Sources */,
				96D5563A2A31C22500E2B891 /* View+Extenstion.swift in Sources */,
				963FE2CD2A369F01007617CA /* TabMenu.swift in Sources */,
				964EA2162A37F33D00AFB92B /* ResizeImage.swift in Sources */,
			);
			runOnlyForDeploymentPostprocessing = 0;
		};
		96D5560D2A31B9EC00E2B891 /* Sources */ = {
			isa = PBXSourcesBuildPhase;
			buildActionMask = 2147483647;
			files = (
				96D556162A31B9EC00E2B891 /* swiftui_testTests.swift in Sources */,
			);
			runOnlyForDeploymentPostprocessing = 0;
		};
		96D556172A31B9EC00E2B891 /* Sources */ = {
			isa = PBXSourcesBuildPhase;
			buildActionMask = 2147483647;
			files = (
				96D556222A31B9EC00E2B891 /* swiftui_testUITestsLaunchTests.swift in Sources */,
				96D556202A31B9EC00E2B891 /* swiftui_testUITests.swift in Sources */,
			);
			runOnlyForDeploymentPostprocessing = 0;
		};
/* End PBXSourcesBuildPhase section */

/* Begin PBXTargetDependency section */
		96D556132A31B9EC00E2B891 /* PBXTargetDependency */ = {
			isa = PBXTargetDependency;
			target = 96D556002A31B9EB00E2B891 /* swiftui-test */;
			targetProxy = 96D556122A31B9EC00E2B891 /* PBXContainerItemProxy */;
		};
		96D5561D2A31B9EC00E2B891 /* PBXTargetDependency */ = {
			isa = PBXTargetDependency;
			target = 96D556002A31B9EB00E2B891 /* swiftui-test */;
			targetProxy = 96D5561C2A31B9EC00E2B891 /* PBXContainerItemProxy */;
		};
/* End PBXTargetDependency section */

/* Begin XCBuildConfiguration section */
		96D556232A31B9EC00E2B891 /* Debug */ = {
			isa = XCBuildConfiguration;
			buildSettings = {
				ALWAYS_SEARCH_USER_PATHS = NO;
				CLANG_ANALYZER_NONNULL = YES;
				CLANG_ANALYZER_NUMBER_OBJECT_CONVERSION = YES_AGGRESSIVE;
				CLANG_CXX_LANGUAGE_STANDARD = "gnu++20";
				CLANG_ENABLE_MODULES = YES;
				CLANG_ENABLE_OBJC_ARC = YES;
				CLANG_ENABLE_OBJC_WEAK = YES;
				CLANG_WARN_BLOCK_CAPTURE_AUTORELEASING = YES;
				CLANG_WARN_BOOL_CONVERSION = YES;
				CLANG_WARN_COMMA = YES;
				CLANG_WARN_CONSTANT_CONVERSION = YES;
				CLANG_WARN_DEPRECATED_OBJC_IMPLEMENTATIONS = YES;
				CLANG_WARN_DIRECT_OBJC_ISA_USAGE = YES_ERROR;
				CLANG_WARN_DOCUMENTATION_COMMENTS = YES;
				CLANG_WARN_EMPTY_BODY = YES;
				CLANG_WARN_ENUM_CONVERSION = YES;
				CLANG_WARN_INFINITE_RECURSION = YES;
				CLANG_WARN_INT_CONVERSION = YES;
				CLANG_WARN_NON_LITERAL_NULL_CONVERSION = YES;
				CLANG_WARN_OBJC_IMPLICIT_RETAIN_SELF = YES;
				CLANG_WARN_OBJC_LITERAL_CONVERSION = YES;
				CLANG_WARN_OBJC_ROOT_CLASS = YES_ERROR;
				CLANG_WARN_QUOTED_INCLUDE_IN_FRAMEWORK_HEADER = YES;
				CLANG_WARN_RANGE_LOOP_ANALYSIS = YES;
				CLANG_WARN_STRICT_PROTOTYPES = YES;
				CLANG_WARN_SUSPICIOUS_MOVE = YES;
				CLANG_WARN_UNGUARDED_AVAILABILITY = YES_AGGRESSIVE;
				CLANG_WARN_UNREACHABLE_CODE = YES;
				CLANG_WARN__DUPLICATE_METHOD_MATCH = YES;
				COPY_PHASE_STRIP = NO;
				DEBUG_INFORMATION_FORMAT = dwarf;
				ENABLE_STRICT_OBJC_MSGSEND = YES;
				ENABLE_TESTABILITY = YES;
				GCC_C_LANGUAGE_STANDARD = gnu11;
				GCC_DYNAMIC_NO_PIC = NO;
				GCC_NO_COMMON_BLOCKS = YES;
				GCC_OPTIMIZATION_LEVEL = 0;
				GCC_PREPROCESSOR_DEFINITIONS = (
					"DEBUG=1",
					"$(inherited)",
				);
				GCC_WARN_64_TO_32_BIT_CONVERSION = YES;
				GCC_WARN_ABOUT_RETURN_TYPE = YES_ERROR;
				GCC_WARN_UNDECLARED_SELECTOR = YES;
				GCC_WARN_UNINITIALIZED_AUTOS = YES_AGGRESSIVE;
				GCC_WARN_UNUSED_FUNCTION = YES;
				GCC_WARN_UNUSED_VARIABLE = YES;
				IPHONEOS_DEPLOYMENT_TARGET = 16.4;
				MTL_ENABLE_DEBUG_INFO = INCLUDE_SOURCE;
				MTL_FAST_MATH = YES;
				ONLY_ACTIVE_ARCH = YES;
				SDKROOT = iphoneos;
				SWIFT_ACTIVE_COMPILATION_CONDITIONS = DEBUG;
				SWIFT_OPTIMIZATION_LEVEL = "-Onone";
			};
			name = Debug;
		};
		96D556242A31B9EC00E2B891 /* Release */ = {
			isa = XCBuildConfiguration;
			buildSettings = {
				ALWAYS_SEARCH_USER_PATHS = NO;
				CLANG_ANALYZER_NONNULL = YES;
				CLANG_ANALYZER_NUMBER_OBJECT_CONVERSION = YES_AGGRESSIVE;
				CLANG_CXX_LANGUAGE_STANDARD = "gnu++20";
				CLANG_ENABLE_MODULES = YES;
				CLANG_ENABLE_OBJC_ARC = YES;
				CLANG_ENABLE_OBJC_WEAK = YES;
				CLANG_WARN_BLOCK_CAPTURE_AUTORELEASING = YES;
				CLANG_WARN_BOOL_CONVERSION = YES;
				CLANG_WARN_COMMA = YES;
				CLANG_WARN_CONSTANT_CONVERSION = YES;
				CLANG_WARN_DEPRECATED_OBJC_IMPLEMENTATIONS = YES;
				CLANG_WARN_DIRECT_OBJC_ISA_USAGE = YES_ERROR;
				CLANG_WARN_DOCUMENTATION_COMMENTS = YES;
				CLANG_WARN_EMPTY_BODY = YES;
				CLANG_WARN_ENUM_CONVERSION = YES;
				CLANG_WARN_INFINITE_RECURSION = YES;
				CLANG_WARN_INT_CONVERSION = YES;
				CLANG_WARN_NON_LITERAL_NULL_CONVERSION = YES;
				CLANG_WARN_OBJC_IMPLICIT_RETAIN_SELF = YES;
				CLANG_WARN_OBJC_LITERAL_CONVERSION = YES;
				CLANG_WARN_OBJC_ROOT_CLASS = YES_ERROR;
				CLANG_WARN_QUOTED_INCLUDE_IN_FRAMEWORK_HEADER = YES;
				CLANG_WARN_RANGE_LOOP_ANALYSIS = YES;
				CLANG_WARN_STRICT_PROTOTYPES = YES;
				CLANG_WARN_SUSPICIOUS_MOVE = YES;
				CLANG_WARN_UNGUARDED_AVAILABILITY = YES_AGGRESSIVE;
				CLANG_WARN_UNREACHABLE_CODE = YES;
				CLANG_WARN__DUPLICATE_METHOD_MATCH = YES;
				COPY_PHASE_STRIP = NO;
				DEBUG_INFORMATION_FORMAT = "dwarf-with-dsym";
				ENABLE_NS_ASSERTIONS = NO;
				ENABLE_STRICT_OBJC_MSGSEND = YES;
				GCC_C_LANGUAGE_STANDARD = gnu11;
				GCC_NO_COMMON_BLOCKS = YES;
				GCC_WARN_64_TO_32_BIT_CONVERSION = YES;
				GCC_WARN_ABOUT_RETURN_TYPE = YES_ERROR;
				GCC_WARN_UNDECLARED_SELECTOR = YES;
				GCC_WARN_UNINITIALIZED_AUTOS = YES_AGGRESSIVE;
				GCC_WARN_UNUSED_FUNCTION = YES;
				GCC_WARN_UNUSED_VARIABLE = YES;
				IPHONEOS_DEPLOYMENT_TARGET = 16.4;
				MTL_ENABLE_DEBUG_INFO = NO;
				MTL_FAST_MATH = YES;
				SDKROOT = iphoneos;
				SWIFT_COMPILATION_MODE = wholemodule;
				SWIFT_OPTIMIZATION_LEVEL = "-O";
				VALIDATE_PRODUCT = YES;
			};
			name = Release;
		};
		96D556262A31B9EC00E2B891 /* Debug */ = {
			isa = XCBuildConfiguration;
			buildSettings = {
				ASSETCATALOG_COMPILER_APPICON_NAME = AppIcon;
				ASSETCATALOG_COMPILER_GLOBAL_ACCENT_COLOR_NAME = AccentColor;
				CODE_SIGN_STYLE = Automatic;
				CURRENT_PROJECT_VERSION = 1;
				DEVELOPMENT_ASSET_PATHS = "\"swiftui-test/Preview Content\"";
				DEVELOPMENT_TEAM = QD5G552VAD;
				ENABLE_PREVIEWS = YES;
				GENERATE_INFOPLIST_FILE = YES;
				INFOPLIST_FILE = "swiftui-test/Info.plist";
				INFOPLIST_KEY_UIApplicationSupportsIndirectInputEvents = YES;
				INFOPLIST_KEY_UILaunchScreen_Generation = YES;
				INFOPLIST_KEY_UISupportedInterfaceOrientations_iPad = "UIInterfaceOrientationPortrait UIInterfaceOrientationPortraitUpsideDown UIInterfaceOrientationLandscapeLeft UIInterfaceOrientationLandscapeRight";
				INFOPLIST_KEY_UISupportedInterfaceOrientations_iPhone = "UIInterfaceOrientationPortrait UIInterfaceOrientationLandscapeLeft UIInterfaceOrientationLandscapeRight";
				LD_RUNPATH_SEARCH_PATHS = (
					"$(inherited)",
					"@executable_path/Frameworks",
				);
				MARKETING_VERSION = 1.0;
				PRODUCT_BUNDLE_IDENTIFIER = "saga1654.swiftui-test";
				PRODUCT_NAME = "$(TARGET_NAME)";
				SWIFT_EMIT_LOC_STRINGS = YES;
				SWIFT_VERSION = 5.0;
				TARGETED_DEVICE_FAMILY = "1,2";
			};
			name = Debug;
		};
		96D556272A31B9EC00E2B891 /* Release */ = {
			isa = XCBuildConfiguration;
			buildSettings = {
				ASSETCATALOG_COMPILER_APPICON_NAME = AppIcon;
				ASSETCATALOG_COMPILER_GLOBAL_ACCENT_COLOR_NAME = AccentColor;
				CODE_SIGN_STYLE = Automatic;
				CURRENT_PROJECT_VERSION = 1;
				DEVELOPMENT_ASSET_PATHS = "\"swiftui-test/Preview Content\"";
				DEVELOPMENT_TEAM = QD5G552VAD;
				ENABLE_PREVIEWS = YES;
				GENERATE_INFOPLIST_FILE = YES;
				INFOPLIST_FILE = "swiftui-test/Info.plist";
				INFOPLIST_KEY_UIApplicationSupportsIndirectInputEvents = YES;
				INFOPLIST_KEY_UILaunchScreen_Generation = YES;
				INFOPLIST_KEY_UISupportedInterfaceOrientations_iPad = "UIInterfaceOrientationPortrait UIInterfaceOrientationPortraitUpsideDown UIInterfaceOrientationLandscapeLeft UIInterfaceOrientationLandscapeRight";
				INFOPLIST_KEY_UISupportedInterfaceOrientations_iPhone = "UIInterfaceOrientationPortrait UIInterfaceOrientationLandscapeLeft UIInterfaceOrientationLandscapeRight";
				LD_RUNPATH_SEARCH_PATHS = (
					"$(inherited)",
					"@executable_path/Frameworks",
				);
				MARKETING_VERSION = 1.0;
				PRODUCT_BUNDLE_IDENTIFIER = "saga1654.swiftui-test";
				PRODUCT_NAME = "$(TARGET_NAME)";
				SWIFT_EMIT_LOC_STRINGS = YES;
				SWIFT_VERSION = 5.0;
				TARGETED_DEVICE_FAMILY = "1,2";
			};
			name = Release;
		};
		96D556292A31B9EC00E2B891 /* Debug */ = {
			isa = XCBuildConfiguration;
			buildSettings = {
				ALWAYS_EMBED_SWIFT_STANDARD_LIBRARIES = YES;
				BUNDLE_LOADER = "$(TEST_HOST)";
				CODE_SIGN_STYLE = Automatic;
				CURRENT_PROJECT_VERSION = 1;
				DEVELOPMENT_TEAM = QD5G552VAD;
				GENERATE_INFOPLIST_FILE = YES;
				IPHONEOS_DEPLOYMENT_TARGET = 16.4;
				MARKETING_VERSION = 1.0;
				PRODUCT_BUNDLE_IDENTIFIER = "saga1654.swiftui-testTests";
				PRODUCT_NAME = "$(TARGET_NAME)";
				SWIFT_EMIT_LOC_STRINGS = NO;
				SWIFT_VERSION = 5.0;
				TARGETED_DEVICE_FAMILY = "1,2";
				TEST_HOST = "$(BUILT_PRODUCTS_DIR)/swiftui-test.app/$(BUNDLE_EXECUTABLE_FOLDER_PATH)/swiftui-test";
			};
			name = Debug;
		};
		96D5562A2A31B9EC00E2B891 /* Release */ = {
			isa = XCBuildConfiguration;
			buildSettings = {
				ALWAYS_EMBED_SWIFT_STANDARD_LIBRARIES = YES;
				BUNDLE_LOADER = "$(TEST_HOST)";
				CODE_SIGN_STYLE = Automatic;
				CURRENT_PROJECT_VERSION = 1;
				DEVELOPMENT_TEAM = QD5G552VAD;
				GENERATE_INFOPLIST_FILE = YES;
				IPHONEOS_DEPLOYMENT_TARGET = 16.4;
				MARKETING_VERSION = 1.0;
				PRODUCT_BUNDLE_IDENTIFIER = "saga1654.swiftui-testTests";
				PRODUCT_NAME = "$(TARGET_NAME)";
				SWIFT_EMIT_LOC_STRINGS = NO;
				SWIFT_VERSION = 5.0;
				TARGETED_DEVICE_FAMILY = "1,2";
				TEST_HOST = "$(BUILT_PRODUCTS_DIR)/swiftui-test.app/$(BUNDLE_EXECUTABLE_FOLDER_PATH)/swiftui-test";
			};
			name = Release;
		};
		96D5562C2A31B9EC00E2B891 /* Debug */ = {
			isa = XCBuildConfiguration;
			buildSettings = {
				ALWAYS_EMBED_SWIFT_STANDARD_LIBRARIES = YES;
				CODE_SIGN_STYLE = Automatic;
				CURRENT_PROJECT_VERSION = 1;
				DEVELOPMENT_TEAM = QD5G552VAD;
				GENERATE_INFOPLIST_FILE = YES;
				MARKETING_VERSION = 1.0;
				PRODUCT_BUNDLE_IDENTIFIER = "saga1654.swiftui-testUITests";
				PRODUCT_NAME = "$(TARGET_NAME)";
				SWIFT_EMIT_LOC_STRINGS = NO;
				SWIFT_VERSION = 5.0;
				TARGETED_DEVICE_FAMILY = "1,2";
				TEST_TARGET_NAME = "swiftui-test";
			};
			name = Debug;
		};
		96D5562D2A31B9EC00E2B891 /* Release */ = {
			isa = XCBuildConfiguration;
			buildSettings = {
				ALWAYS_EMBED_SWIFT_STANDARD_LIBRARIES = YES;
				CODE_SIGN_STYLE = Automatic;
				CURRENT_PROJECT_VERSION = 1;
				DEVELOPMENT_TEAM = QD5G552VAD;
				GENERATE_INFOPLIST_FILE = YES;
				MARKETING_VERSION = 1.0;
				PRODUCT_BUNDLE_IDENTIFIER = "saga1654.swiftui-testUITests";
				PRODUCT_NAME = "$(TARGET_NAME)";
				SWIFT_EMIT_LOC_STRINGS = NO;
				SWIFT_VERSION = 5.0;
				TARGETED_DEVICE_FAMILY = "1,2";
				TEST_TARGET_NAME = "swiftui-test";
			};
			name = Release;
		};
/* End XCBuildConfiguration section */

/* Begin XCConfigurationList section */
		96D555FC2A31B9EB00E2B891 /* Build configuration list for PBXProject "swiftui-test" */ = {
			isa = XCConfigurationList;
			buildConfigurations = (
				96D556232A31B9EC00E2B891 /* Debug */,
				96D556242A31B9EC00E2B891 /* Release */,
			);
			defaultConfigurationIsVisible = 0;
			defaultConfigurationName = Release;
		};
		96D556252A31B9EC00E2B891 /* Build configuration list for PBXNativeTarget "swiftui-test" */ = {
			isa = XCConfigurationList;
			buildConfigurations = (
				96D556262A31B9EC00E2B891 /* Debug */,
				96D556272A31B9EC00E2B891 /* Release */,
			);
			defaultConfigurationIsVisible = 0;
			defaultConfigurationName = Release;
		};
		96D556282A31B9EC00E2B891 /* Build configuration list for PBXNativeTarget "swiftui-testTests" */ = {
			isa = XCConfigurationList;
			buildConfigurations = (
				96D556292A31B9EC00E2B891 /* Debug */,
				96D5562A2A31B9EC00E2B891 /* Release */,
			);
			defaultConfigurationIsVisible = 0;
			defaultConfigurationName = Release;
		};
		96D5562B2A31B9EC00E2B891 /* Build configuration list for PBXNativeTarget "swiftui-testUITests" */ = {
			isa = XCConfigurationList;
			buildConfigurations = (
				96D5562C2A31B9EC00E2B891 /* Debug */,
				96D5562D2A31B9EC00E2B891 /* Release */,
			);
			defaultConfigurationIsVisible = 0;
			defaultConfigurationName = Release;
		};
/* End XCConfigurationList section */
	};
	rootObject = 96D555F92A31B9EB00E2B891 /* Project object */;
}
